Microsoft Visual Studio Solution File, Format Version 11.00
# Visual Studio 2008

Project("{FFBCE272-6B55-CC54-C574-298FBB566FA5}") = "yohan_ryu_2D", "Assembly-CSharp.csproj", "{81626319-D958-4002-5180-EEBE6E15947E}"
EndProject
Global
	GlobalSection(SolutionConfigurationPlatforms) = preSolution
		Debug|Any CPU = Debug|Any CPU
		Release|Any CPU = Release|Any CPU
	EndGlobalSection
	GlobalSection(ProjectConfigurationPlatforms) = postSolution
		{81626319-D958-4002-5180-EEBE6E15947E}.Debug|Any CPU.ActiveCfg = Debug|Any CPU
		{81626319-D958-4002-5180-EEBE6E15947E}.Debug|Any CPU.Build.0 = Debug|Any CPU
		{81626319-D958-4002-5180-EEBE6E15947E}.Release|Any CPU.ActiveCfg = Release|Any CPU
		{81626319-D958-4002-5180-EEBE6E15947E}.Release|Any CPU.Build.0 = Release|Any CPU
	EndGlobalSection
	GlobalSection(SolutionProperties) = preSolution
		HideSolutionNode = FALSE
	EndGlobalSection
	GlobalSection(MonoDevelopProperties) = preSolution
		StartupItem = Assembly-CSharp.csproj
	EndGlobalSection
EndGlobal
